
Microsoft Visual Studio Solution File, Format Version 12.00
# Visual Studio Version 16
VisualStudioVersion = 16.0.31729.503
MinimumVisualStudioVersion = 10.0.40219.1
Project("{FAE04EC0-301F-11D3-BF4B-00C04F79EFBC}") = "Problema 3", "Problema 3\Problema 3.csproj", "{E91D0D17-1CC0-4E52-B36B-7C1B100C3A9A}"
EndProject
Global
	GlobalSection(SolutionConfigurationPlatforms) = preSolution
		Debug|Any CPU = Debug|Any CPU
		Release|Any CPU = Release|Any CPU
	EndGlobalSection
	GlobalSection(ProjectConfigurationPlatforms) = postSolution
		{E91D0D17-1CC0-4E52-B36B-7C1B100C3A9A}.Debug|Any CPU.ActiveCfg = Debug|Any CPU
		{E91D0D17-1CC0-4E52-B36B-7C1B100C3A9A}.Debug|Any CPU.Build.0 = Debug|Any CPU
		{E91D0D17-1CC0-4E52-B36B-7C1B100C3A9A}.Release|Any CPU.ActiveCfg = Release|Any CPU
		{E91D0D17-1CC0-4E52-B36B-7C1B100C3A9A}.Release|Any CPU.Build.0 = Release|Any CPU
	EndGlobalSection
	GlobalSection(SolutionProperties) = preSolution
		HideSolutionNode = FALSE
	EndGlobalSection
	GlobalSection(ExtensibilityGlobals) = postSolution
		SolutionGuid = {9642E699-1E45-4D2E-AC94-D4B0A5A4C3E8}
	EndGlobalSection
EndGlobal
